// !$*UTF8*$!
{
	archiveVersion = 1;
	classes = {
	};
	objectVersion = 55;
	objects = {

/* Begin PBXBuildFile section */
		4B035C9C288765420046E0CA /* codenameChiventureApp.swift in Sources */ = {isa = PBXBuildFile; fileRef = 4B035C9B288765420046E0CA /* codenameChiventureApp.swift */; };
		4B035C9E288765420046E0CA /* ContentView.swift in Sources */ = {isa = PBXBuildFile; fileRef = 4B035C9D288765420046E0CA /* ContentView.swift */; };
		4B035CA0288765450046E0CA /* Assets.xcassets in Resources */ = {isa = PBXBuildFile; fileRef = 4B035C9F288765450046E0CA /* Assets.xcassets */; };
		4B035CA3288765450046E0CA /* Preview Assets.xcassets in Resources */ = {isa = PBXBuildFile; fileRef = 4B035CA2288765450046E0CA /* Preview Assets.xcassets */; };
		4B035CAA28876D750046E0CA /* MapView.swift in Sources */ = {isa = PBXBuildFile; fileRef = 4B035CA928876D750046E0CA /* MapView.swift */; };
		4B035CAC288771CC0046E0CA /* HomeView.swift in Sources */ = {isa = PBXBuildFile; fileRef = 4B035CAB288771CC0046E0CA /* HomeView.swift */; };
		4B2A9CC8289461AA0024BFDC /* PartialSheet in Frameworks */ = {isa = PBXBuildFile; productRef = 4B2A9CC7289461AA0024BFDC /* PartialSheet */; };
		4B4E2C822894D4920036F633 /* Tab.swift in Sources */ = {isa = PBXBuildFile; fileRef = 4B4E2C812894D4920036F633 /* Tab.swift */; };
		4B85D67D288A1D0F007D21FB /* SettingsView.swift in Sources */ = {isa = PBXBuildFile; fileRef = 4B85D67C288A1D0F007D21FB /* SettingsView.swift */; };
		4BA87D3528945CA900C95F3B /* HalfASheet in Frameworks */ = {isa = PBXBuildFile; productRef = 4BA87D3428945CA900C95F3B /* HalfASheet */; };
		4BB0E92628923761008DCF24 /* Sliders in Frameworks */ = {isa = PBXBuildFile; productRef = 4BB0E92528923761008DCF24 /* Sliders */; };
/* End PBXBuildFile section */

/* Begin PBXFileReference section */
		4B035C98288765420046E0CA /* codenameChiventure.app */ = {isa = PBXFileReference; explicitFileType = wrapper.application; includeInIndex = 0; path = codenameChiventure.app; sourceTree = BUILT_PRODUCTS_DIR; };
		4B035C9B288765420046E0CA /* codenameChiventureApp.swift */ = {isa = PBXFileReference; lastKnownFileType = sourcecode.swift; path = codenameChiventureApp.swift; sourceTree = "<group>"; };
		4B035C9D288765420046E0CA /* ContentView.swift */ = {isa = PBXFileReference; lastKnownFileType = sourcecode.swift; path = ContentView.swift; sourceTree = "<group>"; };
		4B035C9F288765450046E0CA /* Assets.xcassets */ = {isa = PBXFileReference; lastKnownFileType = folder.assetcatalog; path = Assets.xcassets; sourceTree = "<group>"; };
		4B035CA2288765450046E0CA /* Preview Assets.xcassets */ = {isa = PBXFileReference; lastKnownFileType = folder.assetcatalog; path = "Preview Assets.xcassets"; sourceTree = "<group>"; };
		4B035CA928876D750046E0CA /* MapView.swift */ = {isa = PBXFileReference; lastKnownFileType = sourcecode.swift; path = MapView.swift; sourceTree = "<group>"; };
		4B035CAB288771CC0046E0CA /* HomeView.swift */ = {isa = PBXFileReference; lastKnownFileType = sourcecode.swift; path = HomeView.swift; sourceTree = "<group>"; };
		4B4E2C812894D4920036F633 /* Tab.swift */ = {isa = PBXFileReference; lastKnownFileType = sourcecode.swift; path = Tab.swift; sourceTree = "<group>"; };
		4B85D67C288A1D0F007D21FB /* SettingsView.swift */ = {isa = PBXFileReference; lastKnownFileType = sourcecode.swift; path = SettingsView.swift; sourceTree = "<group>"; };
		4BE3A48F2894C1E600E17A1F /* Info.plist */ = {isa = PBXFileReference; lastKnownFileType = text.plist; path = Info.plist; sourceTree = "<group>"; };
/* End PBXFileReference section */

/* Begin PBXFrameworksBuildPhase section */
		4B035C95288765420046E0CA /* Frameworks */ = {
			isa = PBXFrameworksBuildPhase;
			buildActionMask = 2147483647;
			files = (
				4B2A9CC8289461AA0024BFDC /* PartialSheet in Frameworks */,
				4BB0E92628923761008DCF24 /* Sliders in Frameworks */,
				4BA87D3528945CA900C95F3B /* HalfASheet in Frameworks */,
			);
			runOnlyForDeploymentPostprocessing = 0;
		};
/* End PBXFrameworksBuildPhase section */

/* Begin PBXGroup section */
		4B035C8F288765420046E0CA = {
			isa = PBXGroup;
			children = (
				4B035C9A288765420046E0CA /* codenameChiventure */,
				4B035C99288765420046E0CA /* Products */,
			);
			sourceTree = "<group>";
		};
		4B035C99288765420046E0CA /* Products */ = {
			isa = PBXGroup;
			children = (
				4B035C98288765420046E0CA /* codenameChiventure.app */,
			);
			name = Products;
			sourceTree = "<group>";
		};
		4B035C9A288765420046E0CA /* codenameChiventure */ = {
			isa = PBXGroup;
			children = (
				4BE3A48F2894C1E600E17A1F /* Info.plist */,
				4B035C9B288765420046E0CA /* codenameChiventureApp.swift */,
				4B035C9D288765420046E0CA /* ContentView.swift */,
				4B035CAB288771CC0046E0CA /* HomeView.swift */,
				4B85D67C288A1D0F007D21FB /* SettingsView.swift */,
				4B035CA928876D750046E0CA /* MapView.swift */,
				4B4E2C812894D4920036F633 /* Tab.swift */,
				4B035C9F288765450046E0CA /* Assets.xcassets */,
				4B035CA1288765450046E0CA /* Preview Content */,
			);
			path = codenameChiventure;
			sourceTree = "<group>";
		};
		4B035CA1288765450046E0CA /* Preview Content */ = {
			isa = PBXGroup;
			children = (
				4B035CA2288765450046E0CA /* Preview Assets.xcassets */,
			);
			path = "Preview Content";
			sourceTree = "<group>";
		};
/* End PBXGroup section */

/* Begin PBXNativeTarget section */
		4B035C97288765420046E0CA /* codenameChiventure */ = {
			isa = PBXNativeTarget;
			buildConfigurationList = 4B035CA6288765450046E0CA /* Build configuration list for PBXNativeTarget "codenameChiventure" */;
			buildPhases = (
				4B035C94288765420046E0CA /* Sources */,
				4B035C95288765420046E0CA /* Frameworks */,
				4B035C96288765420046E0CA /* Resources */,
			);
			buildRules = (
			);
			dependencies = (
			);
			name = codenameChiventure;
			packageProductDependencies = (
				4BB0E92528923761008DCF24 /* Sliders */,
				4BA87D3428945CA900C95F3B /* HalfASheet */,
				4B2A9CC7289461AA0024BFDC /* PartialSheet */,
			);
			productName = codenameChiventure;
			productReference = 4B035C98288765420046E0CA /* codenameChiventure.app */;
			productType = "com.apple.product-type.application";
		};
/* End PBXNativeTarget section */

/* Begin PBXProject section */
		4B035C90288765420046E0CA /* Project object */ = {
			isa = PBXProject;
			attributes = {
				BuildIndependentTargetsInParallel = 1;
				LastSwiftUpdateCheck = 1340;
				LastUpgradeCheck = 1340;
				TargetAttributes = {
					4B035C97288765420046E0CA = {
						CreatedOnToolsVersion = 13.4.1;
					};
				};
			};
			buildConfigurationList = 4B035C93288765420046E0CA /* Build configuration list for PBXProject "codenameChiventure" */;
			compatibilityVersion = "Xcode 13.0";
			developmentRegion = en;
			hasScannedForEncodings = 0;
			knownRegions = (
				en,
				Base,
			);
			mainGroup = 4B035C8F288765420046E0CA;
			packageReferences = (
				4BB0E92428923761008DCF24 /* XCRemoteSwiftPackageReference "swiftui-sliders" */,
				4BA87D3328945CA900C95F3B /* XCRemoteSwiftPackageReference "HalfASheet" */,
				4B2A9CC6289461AA0024BFDC /* XCRemoteSwiftPackageReference "PartialSheet" */,
			);
			productRefGroup = 4B035C99288765420046E0CA /* Products */;
			projectDirPath = "";
			projectRoot = "";
			targets = (
				4B035C97288765420046E0CA /* codenameChiventure */,
			);
		};
/* End PBXProject section */

/* Begin PBXResourcesBuildPhase section */
		4B035C96288765420046E0CA /* Resources */ = {
			isa = PBXResourcesBuildPhase;
			buildActionMask = 2147483647;
			files = (
				4B035CA3288765450046E0CA /* Preview Assets.xcassets in Resources */,
				4B035CA0288765450046E0CA /* Assets.xcassets in Resources */,
			);
			runOnlyForDeploymentPostprocessing = 0;
		};
/* End PBXResourcesBuildPhase section */

/* Begin PBXSourcesBuildPhase section */
		4B035C94288765420046E0CA /* Sources */ = {
			isa = PBXSourcesBuildPhase;
			buildActionMask = 2147483647;
			files = (
				4B85D67D288A1D0F007D21FB /* SettingsView.swift in Sources */,
				4B035C9E288765420046E0CA /* ContentView.swift in Sources */,
				4B035CAC288771CC0046E0CA /* HomeView.swift in Sources */,
				4B4E2C822894D4920036F633 /* Tab.swift in Sources */,
				4B035CAA28876D750046E0CA /* MapView.swift in Sources */,
				4B035C9C288765420046E0CA /* codenameChiventureApp.swift in Sources */,
			);
			runOnlyForDeploymentPostprocessing = 0;
		};
/* End PBXSourcesBuildPhase section */

/* Begin XCBuildConfiguration section */
		4B035CA4288765450046E0CA /* Debug */ = {
			isa = XCBuildConfiguration;
			buildSettings = {
				ALWAYS_SEARCH_USER_PATHS = NO;
				CLANG_ANALYZER_NONNULL = YES;
				CLANG_ANALYZER_NUMBER_OBJECT_CONVERSION = YES_AGGRESSIVE;
				CLANG_CXX_LANGUAGE_STANDARD = "gnu++17";
				CLANG_ENABLE_MODULES = YES;
				CLANG_ENABLE_OBJC_ARC = YES;
				CLANG_ENABLE_OBJC_WEAK = YES;
				CLANG_WARN_BLOCK_CAPTURE_AUTORELEASING = YES;
				CLANG_WARN_BOOL_CONVERSION = YES;
				CLANG_WARN_COMMA = YES;
				CLANG_WARN_CONSTANT_CONVERSION = YES;
				CLANG_WARN_DEPRECATED_OBJC_IMPLEMENTATIONS = YES;
				CLANG_WARN_DIRECT_OBJC_ISA_USAGE = YES_ERROR;
				CLANG_WARN_DOCUMENTATION_COMMENTS = YES;
				CLANG_WARN_EMPTY_BODY = YES;
				CLANG_WARN_ENUM_CONVERSION = YES;
				CLANG_WARN_INFINITE_RECURSION = YES;
				CLANG_WARN_INT_CONVERSION = YES;
				CLANG_WARN_NON_LITERAL_NULL_CONVERSION = YES;
				CLANG_WARN_OBJC_IMPLICIT_RETAIN_SELF = YES;
				CLANG_WARN_OBJC_LITERAL_CONVERSION = YES;
				CLANG_WARN_OBJC_ROOT_CLASS = YES_ERROR;
				CLANG_WARN_QUOTED_INCLUDE_IN_FRAMEWORK_HEADER = YES;
				CLANG_WARN_RANGE_LOOP_ANALYSIS = YES;
				CLANG_WARN_STRICT_PROTOTYPES = YES;
				CLANG_WARN_SUSPICIOUS_MOVE = YES;
				CLANG_WARN_UNGUARDED_AVAILABILITY = YES_AGGRESSIVE;
				CLANG_WARN_UNREACHABLE_CODE = YES;
				CLANG_WARN__DUPLICATE_METHOD_MATCH = YES;
				COPY_PHASE_STRIP = NO;
				DEBUG_INFORMATION_FORMAT = dwarf;
				ENABLE_STRICT_OBJC_MSGSEND = YES;
				ENABLE_TESTABILITY = YES;
				GCC_C_LANGUAGE_STANDARD = gnu11;
				GCC_DYNAMIC_NO_PIC = NO;
				GCC_NO_COMMON_BLOCKS = YES;
				GCC_OPTIMIZATION_LEVEL = 0;
				GCC_PREPROCESSOR_DEFINITIONS = (
					"DEBUG=1",
					"$(inherited)",
				);
				GCC_WARN_64_TO_32_BIT_CONVERSION = YES;
				GCC_WARN_ABOUT_RETURN_TYPE = YES_ERROR;
				GCC_WARN_UNDECLARED_SELECTOR = YES;
				GCC_WARN_UNINITIALIZED_AUTOS = YES_AGGRESSIVE;
				GCC_WARN_UNUSED_FUNCTION = YES;
				GCC_WARN_UNUSED_VARIABLE = YES;
				IPHONEOS_DEPLOYMENT_TARGET = 15.5;
				MTL_ENABLE_DEBUG_INFO = INCLUDE_SOURCE;
				MTL_FAST_MATH = YES;
				ONLY_ACTIVE_ARCH = YES;
				SDKROOT = iphoneos;
				SWIFT_ACTIVE_COMPILATION_CONDITIONS = DEBUG;
				SWIFT_OPTIMIZATION_LEVEL = "-Onone";
			};
			name = Debug;
		};
		4B035CA5288765450046E0CA /* Release */ = {
			isa = XCBuildConfiguration;
			buildSettings = {
				ALWAYS_SEARCH_USER_PATHS = NO;
				CLANG_ANALYZER_NONNULL = YES;
				CLANG_ANALYZER_NUMBER_OBJECT_CONVERSION = YES_AGGRESSIVE;
				CLANG_CXX_LANGUAGE_STANDARD = "gnu++17";
				CLANG_ENABLE_MODULES = YES;
				CLANG_ENABLE_OBJC_ARC = YES;
				CLANG_ENABLE_OBJC_WEAK = YES;
				CLANG_WARN_BLOCK_CAPTURE_AUTORELEASING = YES;
				CLANG_WARN_BOOL_CONVERSION = YES;
				CLANG_WARN_COMMA = YES;
				CLANG_WARN_CONSTANT_CONVERSION = YES;
				CLANG_WARN_DEPRECATED_OBJC_IMPLEMENTATIONS = YES;
				CLANG_WARN_DIRECT_OBJC_ISA_USAGE = YES_ERROR;
				CLANG_WARN_DOCUMENTATION_COMMENTS = YES;
				CLANG_WARN_EMPTY_BODY = YES;
				CLANG_WARN_ENUM_CONVERSION = YES;
				CLANG_WARN_INFINITE_RECURSION = YES;
				CLANG_WARN_INT_CONVERSION = YES;
				CLANG_WARN_NON_LITERAL_NULL_CONVERSION = YES;
				CLANG_WARN_OBJC_IMPLICIT_RETAIN_SELF = YES;
				CLANG_WARN_OBJC_LITERAL_CONVERSION = YES;
				CLANG_WARN_OBJC_ROOT_CLASS = YES_ERROR;
				CLANG_WARN_QUOTED_INCLUDE_IN_FRAMEWORK_HEADER = YES;
				CLANG_WARN_RANGE_LOOP_ANALYSIS = YES;
				CLANG_WARN_STRICT_PROTOTYPES = YES;
				CLANG_WARN_SUSPICIOUS_MOVE = YES;
				CLANG_WARN_UNGUARDED_AVAILABILITY = YES_AGGRESSIVE;
				CLANG_WARN_UNREACHABLE_CODE = YES;
				CLANG_WARN__DUPLICATE_METHOD_MATCH = YES;
				COPY_PHASE_STRIP = NO;
				DEBUG_INFORMATION_FORMAT = "dwarf-with-dsym";
				ENABLE_NS_ASSERTIONS = NO;
				ENABLE_STRICT_OBJC_MSGSEND = YES;
				GCC_C_LANGUAGE_STANDARD = gnu11;
				GCC_NO_COMMON_BLOCKS = YES;
				GCC_WARN_64_TO_32_BIT_CONVERSION = YES;
				GCC_WARN_ABOUT_RETURN_TYPE = YES_ERROR;
				GCC_WARN_UNDECLARED_SELECTOR = YES;
				GCC_WARN_UNINITIALIZED_AUTOS = YES_AGGRESSIVE;
				GCC_WARN_UNUSED_FUNCTION = YES;
				GCC_WARN_UNUSED_VARIABLE = YES;
				IPHONEOS_DEPLOYMENT_TARGET = 15.5;
				MTL_ENABLE_DEBUG_INFO = NO;
				MTL_FAST_MATH = YES;
				SDKROOT = iphoneos;
				SWIFT_COMPILATION_MODE = wholemodule;
				SWIFT_OPTIMIZATION_LEVEL = "-O";
				VALIDATE_PRODUCT = YES;
			};
			name = Release;
		};
		4B035CA7288765450046E0CA /* Debug */ = {
			isa = XCBuildConfiguration;
			buildSettings = {
				ASSETCATALOG_COMPILER_APPICON_NAME = AppIcon;
				ASSETCATALOG_COMPILER_GLOBAL_ACCENT_COLOR_NAME = AccentColor;
				CODE_SIGN_STYLE = Automatic;
				CURRENT_PROJECT_VERSION = 1;
				DEVELOPMENT_ASSET_PATHS = "\"codenameChiventure/Preview Content\"";
				DEVELOPMENT_TEAM = GB63X22582;
				ENABLE_PREVIEWS = YES;
				GENERATE_INFOPLIST_FILE = YES;
				INFOPLIST_FILE = codenameChiventure/Info.plist;
				INFOPLIST_KEY_LSApplicationCategoryType = "";
				INFOPLIST_KEY_NSLocationWhenInUseUsageDescription = "";
				INFOPLIST_KEY_UIApplicationSceneManifest_Generation = YES;
				INFOPLIST_KEY_UIApplicationSupportsIndirectInputEvents = YES;
				INFOPLIST_KEY_UILaunchScreen_Generation = YES;
				INFOPLIST_KEY_UISupportedInterfaceOrientations_iPad = "UIInterfaceOrientationPortrait UIInterfaceOrientationPortraitUpsideDown UIInterfaceOrientationLandscapeLeft UIInterfaceOrientationLandscapeRight";
				INFOPLIST_KEY_UISupportedInterfaceOrientations_iPhone = "UIInterfaceOrientationPortrait UIInterfaceOrientationLandscapeLeft UIInterfaceOrientationLandscapeRight";
				LD_RUNPATH_SEARCH_PATHS = (
					"$(inherited)",
					"@executable_path/Frameworks",
				);
				MARKETING_VERSION = 0.0.1;
				PRODUCT_BUNDLE_IDENTIFIER = com.ecc.codenameChiventure;
				PRODUCT_NAME = "$(TARGET_NAME)";
				SWIFT_EMIT_LOC_STRINGS = YES;
				SWIFT_VERSION = 5.0;
				TARGETED_DEVICE_FAMILY = "1,2";
			};
			name = Debug;
		};
		4B035CA8288765450046E0CA /* Release */ = {
			isa = XCBuildConfiguration;
			buildSettings = {
				ASSETCATALOG_COMPILER_APPICON_NAME = AppIcon;
				ASSETCATALOG_COMPILER_GLOBAL_ACCENT_COLOR_NAME = AccentColor;
				CODE_SIGN_STYLE = Automatic;
				CURRENT_PROJECT_VERSION = 1;
				DEVELOPMENT_ASSET_PATHS = "\"codenameChiventure/Preview Content\"";
				DEVELOPMENT_TEAM = GB63X22582;
				ENABLE_PREVIEWS = YES;
				GENERATE_INFOPLIST_FILE = YES;
				INFOPLIST_FILE = codenameChiventure/Info.plist;
				INFOPLIST_KEY_LSApplicationCategoryType = "";
				INFOPLIST_KEY_NSLocationWhenInUseUsageDescription = "";
				INFOPLIST_KEY_UIApplicationSceneManifest_Generation = YES;
				INFOPLIST_KEY_UIApplicationSupportsIndirectInputEvents = YES;
				INFOPLIST_KEY_UILaunchScreen_Generation = YES;
				INFOPLIST_KEY_UISupportedInterfaceOrientations_iPad = "UIInterfaceOrientationPortrait UIInterfaceOrientationPortraitUpsideDown UIInterfaceOrientationLandscapeLeft UIInterfaceOrientationLandscapeRight";
				INFOPLIST_KEY_UISupportedInterfaceOrientations_iPhone = "UIInterfaceOrientationPortrait UIInterfaceOrientationLandscapeLeft UIInterfaceOrientationLandscapeRight";
				LD_RUNPATH_SEARCH_PATHS = (
					"$(inherited)",
					"@executable_path/Frameworks",
				);
				MARKETING_VERSION = 0.0.1;
				PRODUCT_BUNDLE_IDENTIFIER = com.ecc.codenameChiventure;
				PRODUCT_NAME = "$(TARGET_NAME)";
				SWIFT_EMIT_LOC_STRINGS = YES;
				SWIFT_VERSION = 5.0;
				TARGETED_DEVICE_FAMILY = "1,2";
			};
			name = Release;
		};
/* End XCBuildConfiguration section */

/* Begin XCConfigurationList section */
		4B035C93288765420046E0CA /* Build configuration list for PBXProject "codenameChiventure" */ = {
			isa = XCConfigurationList;
			buildConfigurations = (
				4B035CA4288765450046E0CA /* Debug */,
				4B035CA5288765450046E0CA /* Release */,
			);
			defaultConfigurationIsVisible = 0;
			defaultConfigurationName = Release;
		};
		4B035CA6288765450046E0CA /* Build configuration list for PBXNativeTarget "codenameChiventure" */ = {
			isa = XCConfigurationList;
			buildConfigurations = (
				4B035CA7288765450046E0CA /* Debug */,
				4B035CA8288765450046E0CA /* Release */,
			);
			defaultConfigurationIsVisible = 0;
			defaultConfigurationName = Release;
		};
/* End XCConfigurationList section */

/* Begin XCRemoteSwiftPackageReference section */
		4B2A9CC6289461AA0024BFDC /* XCRemoteSwiftPackageReference "PartialSheet" */ = {
			isa = XCRemoteSwiftPackageReference;
			repositoryURL = "https://github.com/AndreaMiotto/PartialSheet";
			requirement = {
				branch = master;
				kind = branch;
			};
		};
		4BA87D3328945CA900C95F3B /* XCRemoteSwiftPackageReference "HalfASheet" */ = {
			isa = XCRemoteSwiftPackageReference;
			repositoryURL = "https://github.com/franklynw/HalfASheet";
			requirement = {
				branch = develop;
				kind = branch;
			};
		};
		4BB0E92428923761008DCF24 /* XCRemoteSwiftPackageReference "swiftui-sliders" */ = {
			isa = XCRemoteSwiftPackageReference;
			repositoryURL = "https://github.com/spacenation/swiftui-sliders";
			requirement = {
				kind = upToNextMajorVersion;
				minimumVersion = 2.0.0;
			};
		};
/* End XCRemoteSwiftPackageReference section */

/* Begin XCSwiftPackageProductDependency section */
		4B2A9CC7289461AA0024BFDC /* PartialSheet */ = {
			isa = XCSwiftPackageProductDependency;
			package = 4B2A9CC6289461AA0024BFDC /* XCRemoteSwiftPackageReference "PartialSheet" */;
			productName = PartialSheet;
		};
		4BA87D3428945CA900C95F3B /* HalfASheet */ = {
			isa = XCSwiftPackageProductDependency;
			package = 4BA87D3328945CA900C95F3B /* XCRemoteSwiftPackageReference "HalfASheet" */;
			productName = HalfASheet;
		};
		4BB0E92528923761008DCF24 /* Sliders */ = {
			isa = XCSwiftPackageProductDependency;
			package = 4BB0E92428923761008DCF24 /* XCRemoteSwiftPackageReference "swiftui-sliders" */;
			productName = Sliders;
		};
/* End XCSwiftPackageProductDependency section */
	};
	rootObject = 4B035C90288765420046E0CA /* Project object */;
}
